# This file is automatically @generated by Cargo.
# It is not intended for manual editing.
version = 3

[[package]]
name = "stream-sync-client"
version = "0.1.0"
dependencies = [
 "stream-sync-protocol",
 "stream-sync-timebase",
]

[[package]]
name = "stream-sync-config"
version = "0.1.0"

[[package]]
name = "stream-sync-logging"
version = "0.1.0"

[[package]]
name = "stream-sync-net-core"
version = "0.1.0"
dependencies = [
 "stream-sync-protocol",
]

[[package]]
name = "stream-sync-protocol"
version = "0.1.0"

[[package]]
name = "stream-sync-server"
version = "0.1.0"
dependencies = [
 "stream-sync-config",
 "stream-sync-logging",
 "stream-sync-net-core",
 "stream-sync-protocol",
 "stream-sync-timebase",
]

[[package]]
name = "stream-sync-switcher"
version = "0.1.0"

[[package]]
name = "stream-sync-sync-core"
version = "0.1.0"

[[package]]
name = "stream-sync-timebase"
version = "0.1.0"

[[package]]
name = "stream-sync-ui-core"
version = "0.1.0"

[[package]]
name = "stream-sync-video-core"
version = "0.1.0"
